// !$*UTF8*$!
{
	archiveVersion = 1;
	classes = {
	};
	objectVersion = 55;
	objects = {

/* Begin PBXBuildFile section */
		35038EA02868791B0038C244 /* CustomViewFriendsList.swift in Sources */ = {isa = PBXBuildFile; fileRef = 35038E9F2868791B0038C244 /* CustomViewFriendsList.swift */; };
		35241A2F28620D7E00FA20C5 /* FriendListController.swift in Sources */ = {isa = PBXBuildFile; fileRef = 35241A2E28620D7E00FA20C5 /* FriendListController.swift */; };
		35241A3128620FD300FA20C5 /* GroupListController.swift in Sources */ = {isa = PBXBuildFile; fileRef = 35241A3028620FD300FA20C5 /* GroupListController.swift */; };
		35241A332862121500FA20C5 /* OtherGroupsController.swift in Sources */ = {isa = PBXBuildFile; fileRef = 35241A322862121500FA20C5 /* OtherGroupsController.swift */; };
		35241A3728621A2700FA20C5 /* GroupCell.swift in Sources */ = {isa = PBXBuildFile; fileRef = 35241A3628621A2700FA20C5 /* GroupCell.swift */; };
		35241A392863613B00FA20C5 /* GroupCollection.swift in Sources */ = {isa = PBXBuildFile; fileRef = 35241A382863613B00FA20C5 /* GroupCollection.swift */; };
		35241A422863795B00FA20C5 /* MyFriendsCell.swift in Sources */ = {isa = PBXBuildFile; fileRef = 35241A412863795B00FA20C5 /* MyFriendsCell.swift */; };
		35241A4428637C7B00FA20C5 /* MyFriends.swift in Sources */ = {isa = PBXBuildFile; fileRef = 35241A4328637C7B00FA20C5 /* MyFriends.swift */; };
		35241A4E2864963300FA20C5 /* FriendCollectionController.swift in Sources */ = {isa = PBXBuildFile; fileRef = 35241A4D2864963300FA20C5 /* FriendCollectionController.swift */; };
		35241A52286499FF00FA20C5 /* FriendCollectionCell.swift in Sources */ = {isa = PBXBuildFile; fileRef = 35241A51286499FF00FA20C5 /* FriendCollectionCell.swift */; };
		35241A592864BB7A00FA20C5 /* OtherGroupsCell.swift in Sources */ = {isa = PBXBuildFile; fileRef = 35241A582864BB7A00FA20C5 /* OtherGroupsCell.swift */; };
		35241A5C2864BC0300FA20C5 /* OtherGroups.swift in Sources */ = {isa = PBXBuildFile; fileRef = 35241A5B2864BC0300FA20C5 /* OtherGroups.swift */; };
		35653CC72879FBBD000406AE /* FriendGalleryView.swift in Sources */ = {isa = PBXBuildFile; fileRef = 35653CC52879FBBD000406AE /* FriendGalleryView.swift */; };
		35653CC82879FBBD000406AE /* FriendGalleryView.xib in Resources */ = {isa = PBXBuildFile; fileRef = 35653CC62879FBBD000406AE /* FriendGalleryView.xib */; };
		35653CCA287A0581000406AE /* FullScreenViewController.swift in Sources */ = {isa = PBXBuildFile; fileRef = 35653CC9287A0581000406AE /* FullScreenViewController.swift */; };
		356F01232871F90E0033169A /* NewsfeedController.swift in Sources */ = {isa = PBXBuildFile; fileRef = 356F01222871F90E0033169A /* NewsfeedController.swift */; };
		356F012728730E920033169A /* PostCell.swift in Sources */ = {isa = PBXBuildFile; fileRef = 356F012628730E920033169A /* PostCell.swift */; };
		356F012A28731BDE0033169A /* Post.swift in Sources */ = {isa = PBXBuildFile; fileRef = 356F012928731BDE0033169A /* Post.swift */; };
		358C7D18289D541D0078329C /* SessionSingleton.swift in Sources */ = {isa = PBXBuildFile; fileRef = 358C7D17289D541D0078329C /* SessionSingleton.swift */; };
		3597100328735FA500F93F9C /* CollageView.swift in Sources */ = {isa = PBXBuildFile; fileRef = 3597100228735FA500F93F9C /* CollageView.swift */; };
		35A7BE96286B667700A03FE5 /* ColorGameViewController.swift in Sources */ = {isa = PBXBuildFile; fileRef = 35A7BE95286B667700A03FE5 /* ColorGameViewController.swift */; };
		35E4F8A42868C5E800A95E07 /* HeartControl.swift in Sources */ = {isa = PBXBuildFile; fileRef = 35E4F8A32868C5E800A95E07 /* HeartControl.swift */; };
		35EA8502285B820A00EAA1BB /* AppDelegate.swift in Sources */ = {isa = PBXBuildFile; fileRef = 35EA8501285B820A00EAA1BB /* AppDelegate.swift */; };
		35EA8504285B820A00EAA1BB /* SceneDelegate.swift in Sources */ = {isa = PBXBuildFile; fileRef = 35EA8503285B820A00EAA1BB /* SceneDelegate.swift */; };
		35EA8506285B820A00EAA1BB /* ViewController.swift in Sources */ = {isa = PBXBuildFile; fileRef = 35EA8505285B820A00EAA1BB /* ViewController.swift */; };
		35EA8509285B820A00EAA1BB /* Main.storyboard in Resources */ = {isa = PBXBuildFile; fileRef = 35EA8507285B820A00EAA1BB /* Main.storyboard */; };
		35EA850B285B820B00EAA1BB /* Assets.xcassets in Resources */ = {isa = PBXBuildFile; fileRef = 35EA850A285B820B00EAA1BB /* Assets.xcassets */; };
		35EA850E285B820B00EAA1BB /* LaunchScreen.storyboard in Resources */ = {isa = PBXBuildFile; fileRef = 35EA850C285B820B00EAA1BB /* LaunchScreen.storyboard */; };
		35EBB258285E0F26009FEFE0 /* UIViewController+Extension.swift in Sources */ = {isa = PBXBuildFile; fileRef = 35EBB257285E0F26009FEFE0 /* UIViewController+Extension.swift */; };
		35F3978228858AFF00A25405 /* CustomUINavigationController.swift in Sources */ = {isa = PBXBuildFile; fileRef = 35F3978128858AFF00A25405 /* CustomUINavigationController.swift */; };
		35F3978428858B3800A25405 /* PopPushAnimators.swift in Sources */ = {isa = PBXBuildFile; fileRef = 35F3978328858B3800A25405 /* PopPushAnimators.swift */; };
/* End PBXBuildFile section */

/* Begin PBXFileReference section */
		35038E9F2868791B0038C244 /* CustomViewFriendsList.swift */ = {isa = PBXFileReference; lastKnownFileType = sourcecode.swift; path = CustomViewFriendsList.swift; sourceTree = "<group>"; };
		35241A2E28620D7E00FA20C5 /* FriendListController.swift */ = {isa = PBXFileReference; lastKnownFileType = sourcecode.swift; path = FriendListController.swift; sourceTree = "<group>"; };
		35241A3028620FD300FA20C5 /* GroupListController.swift */ = {isa = PBXFileReference; lastKnownFileType = sourcecode.swift; path = GroupListController.swift; sourceTree = "<group>"; };
		35241A322862121500FA20C5 /* OtherGroupsController.swift */ = {isa = PBXFileReference; lastKnownFileType = sourcecode.swift; path = OtherGroupsController.swift; sourceTree = "<group>"; };
		35241A3628621A2700FA20C5 /* GroupCell.swift */ = {isa = PBXFileReference; lastKnownFileType = sourcecode.swift; path = GroupCell.swift; sourceTree = "<group>"; };
		35241A382863613B00FA20C5 /* GroupCollection.swift */ = {isa = PBXFileReference; lastKnownFileType = sourcecode.swift; path = GroupCollection.swift; sourceTree = "<group>"; };
		35241A412863795B00FA20C5 /* MyFriendsCell.swift */ = {isa = PBXFileReference; lastKnownFileType = sourcecode.swift; path = MyFriendsCell.swift; sourceTree = "<group>"; };
		35241A4328637C7B00FA20C5 /* MyFriends.swift */ = {isa = PBXFileReference; lastKnownFileType = sourcecode.swift; path = MyFriends.swift; sourceTree = "<group>"; };
		35241A4D2864963300FA20C5 /* FriendCollectionController.swift */ = {isa = PBXFileReference; lastKnownFileType = sourcecode.swift; path = FriendCollectionController.swift; sourceTree = "<group>"; };
		35241A51286499FF00FA20C5 /* FriendCollectionCell.swift */ = {isa = PBXFileReference; lastKnownFileType = sourcecode.swift; path = FriendCollectionCell.swift; sourceTree = "<group>"; };
		35241A582864BB7A00FA20C5 /* OtherGroupsCell.swift */ = {isa = PBXFileReference; lastKnownFileType = sourcecode.swift; path = OtherGroupsCell.swift; sourceTree = "<group>"; };
		35241A5B2864BC0300FA20C5 /* OtherGroups.swift */ = {isa = PBXFileReference; lastKnownFileType = sourcecode.swift; path = OtherGroups.swift; sourceTree = "<group>"; };
		35653CC52879FBBD000406AE /* FriendGalleryView.swift */ = {isa = PBXFileReference; lastKnownFileType = sourcecode.swift; path = FriendGalleryView.swift; sourceTree = "<group>"; };
		35653CC62879FBBD000406AE /* FriendGalleryView.xib */ = {isa = PBXFileReference; lastKnownFileType = file.xib; path = FriendGalleryView.xib; sourceTree = "<group>"; };
		35653CC9287A0581000406AE /* FullScreenViewController.swift */ = {isa = PBXFileReference; lastKnownFileType = sourcecode.swift; path = FullScreenViewController.swift; sourceTree = "<group>"; };
		356F01222871F90E0033169A /* NewsfeedController.swift */ = {isa = PBXFileReference; lastKnownFileType = sourcecode.swift; path = NewsfeedController.swift; sourceTree = "<group>"; };
		356F012628730E920033169A /* PostCell.swift */ = {isa = PBXFileReference; lastKnownFileType = sourcecode.swift; path = PostCell.swift; sourceTree = "<group>"; };
		356F012928731BDE0033169A /* Post.swift */ = {isa = PBXFileReference; lastKnownFileType = sourcecode.swift; path = Post.swift; sourceTree = "<group>"; };
		358C7D17289D541D0078329C /* SessionSingleton.swift */ = {isa = PBXFileReference; lastKnownFileType = sourcecode.swift; path = SessionSingleton.swift; sourceTree = "<group>"; };
		3597100228735FA500F93F9C /* CollageView.swift */ = {isa = PBXFileReference; lastKnownFileType = sourcecode.swift; path = CollageView.swift; sourceTree = "<group>"; };
		35A7BE95286B667700A03FE5 /* ColorGameViewController.swift */ = {isa = PBXFileReference; lastKnownFileType = sourcecode.swift; path = ColorGameViewController.swift; sourceTree = "<group>"; };
		35E4F8A32868C5E800A95E07 /* HeartControl.swift */ = {isa = PBXFileReference; lastKnownFileType = sourcecode.swift; path = HeartControl.swift; sourceTree = "<group>"; };
		35EA84FE285B820A00EAA1BB /* VKontakte.app */ = {isa = PBXFileReference; explicitFileType = wrapper.application; includeInIndex = 0; path = VKontakte.app; sourceTree = BUILT_PRODUCTS_DIR; };
		35EA8501285B820A00EAA1BB /* AppDelegate.swift */ = {isa = PBXFileReference; lastKnownFileType = sourcecode.swift; path = AppDelegate.swift; sourceTree = "<group>"; };
		35EA8503285B820A00EAA1BB /* SceneDelegate.swift */ = {isa = PBXFileReference; lastKnownFileType = sourcecode.swift; path = SceneDelegate.swift; sourceTree = "<group>"; };
		35EA8505285B820A00EAA1BB /* ViewController.swift */ = {isa = PBXFileReference; lastKnownFileType = sourcecode.swift; path = ViewController.swift; sourceTree = "<group>"; };
		35EA8508285B820A00EAA1BB /* Base */ = {isa = PBXFileReference; lastKnownFileType = file.storyboard; name = Base; path = Base.lproj/Main.storyboard; sourceTree = "<group>"; };
		35EA850A285B820B00EAA1BB /* Assets.xcassets */ = {isa = PBXFileReference; lastKnownFileType = folder.assetcatalog; path = Assets.xcassets; sourceTree = "<group>"; };
		35EA850D285B820B00EAA1BB /* Base */ = {isa = PBXFileReference; lastKnownFileType = file.storyboard; name = Base; path = Base.lproj/LaunchScreen.storyboard; sourceTree = "<group>"; };
		35EA850F285B820B00EAA1BB /* Info.plist */ = {isa = PBXFileReference; lastKnownFileType = text.plist.xml; path = Info.plist; sourceTree = "<group>"; };
		35EBB257285E0F26009FEFE0 /* UIViewController+Extension.swift */ = {isa = PBXFileReference; lastKnownFileType = sourcecode.swift; path = "UIViewController+Extension.swift"; sourceTree = "<group>"; };
		35F3978128858AFF00A25405 /* CustomUINavigationController.swift */ = {isa = PBXFileReference; lastKnownFileType = sourcecode.swift; path = CustomUINavigationController.swift; sourceTree = "<group>"; };
		35F3978328858B3800A25405 /* PopPushAnimators.swift */ = {isa = PBXFileReference; lastKnownFileType = sourcecode.swift; path = PopPushAnimators.swift; sourceTree = "<group>"; };
/* End PBXFileReference section */

/* Begin PBXFrameworksBuildPhase section */
		35EA84FB285B820A00EAA1BB /* Frameworks */ = {
			isa = PBXFrameworksBuildPhase;
			buildActionMask = 2147483647;
			files = (
			);
			runOnlyForDeploymentPostprocessing = 0;
		};
/* End PBXFrameworksBuildPhase section */

/* Begin PBXGroup section */
		35241A3A2863716500FA20C5 /* Controller */ = {
			isa = PBXGroup;
			children = (
				35EA8505285B820A00EAA1BB /* ViewController.swift */,
			);
			path = Controller;
			sourceTree = "<group>";
		};
		35241A3C286371DA00FA20C5 /* Model */ = {
			isa = PBXGroup;
			children = (
				35241A382863613B00FA20C5 /* GroupCollection.swift */,
			);
			path = Model;
			sourceTree = "<group>";
		};
		35241A3D286371FB00FA20C5 /* Extension */ = {
			isa = PBXGroup;
			children = (
				35EBB257285E0F26009FEFE0 /* UIViewController+Extension.swift */,
			);
			path = Extension;
			sourceTree = "<group>";
		};
		35241A3E2863722900FA20C5 /* Resourse */ = {
			isa = PBXGroup;
			children = (
				35EA8507285B820A00EAA1BB /* Main.storyboard */,
				35EA850A285B820B00EAA1BB /* Assets.xcassets */,
				35EA850C285B820B00EAA1BB /* LaunchScreen.storyboard */,
			);
			path = Resourse;
			sourceTree = "<group>";
		};
		35241A4528637EED00FA20C5 /* Groups */ = {
			isa = PBXGroup;
			children = (
				35241A3C286371DA00FA20C5 /* Model */,
				35241A4728637F3F00FA20C5 /* View */,
				35241A4628637F0D00FA20C5 /* Controller */,
			);
			path = Groups;
			sourceTree = "<group>";
		};
		35241A4628637F0D00FA20C5 /* Controller */ = {
			isa = PBXGroup;
			children = (
				35241A3028620FD300FA20C5 /* GroupListController.swift */,
			);
			path = Controller;
			sourceTree = "<group>";
		};
		35241A4728637F3F00FA20C5 /* View */ = {
			isa = PBXGroup;
			children = (
				35241A3628621A2700FA20C5 /* GroupCell.swift */,
			);
			path = View;
			sourceTree = "<group>";
		};
		35241A4828637F7C00FA20C5 /* FriendsList */ = {
			isa = PBXGroup;
			children = (
				35241A4B28637FC300FA20C5 /* Model */,
				35241A4A28637FBA00FA20C5 /* View */,
				35241A4928637FA400FA20C5 /* Controller */,
			);
			path = FriendsList;
			sourceTree = "<group>";
		};
		35241A4928637FA400FA20C5 /* Controller */ = {
			isa = PBXGroup;
			children = (
				35241A2E28620D7E00FA20C5 /* FriendListController.swift */,
			);
			path = Controller;
			sourceTree = "<group>";
		};
		35241A4A28637FBA00FA20C5 /* View */ = {
			isa = PBXGroup;
			children = (
				35038E9F2868791B0038C244 /* CustomViewFriendsList.swift */,
				35241A412863795B00FA20C5 /* MyFriendsCell.swift */,
			);
			path = View;
			sourceTree = "<group>";
		};
		35241A4B28637FC300FA20C5 /* Model */ = {
			isa = PBXGroup;
			children = (
				35241A4328637C7B00FA20C5 /* MyFriends.swift */,
			);
			path = Model;
			sourceTree = "<group>";
		};
		35241A4C2864866B00FA20C5 /* OtherGroups */ = {
			isa = PBXGroup;
			children = (
				35241A5A2864BBDA00FA20C5 /* Model */,
				35241A552864B99F00FA20C5 /* View */,
				35241A542864B99700FA20C5 /* Controller */,
			);
			path = OtherGroups;
			sourceTree = "<group>";
		};
		35241A4F2864964100FA20C5 /* Friend */ = {
			isa = PBXGroup;
			children = (
				35241A502864964B00FA20C5 /* Controller */,
				35241A5328649A0F00FA20C5 /* View */,
			);
			path = Friend;
			sourceTree = "<group>";
		};
		35241A502864964B00FA20C5 /* Controller */ = {
			isa = PBXGroup;
			children = (
				35653CC9287A0581000406AE /* FullScreenViewController.swift */,
				35241A4D2864963300FA20C5 /* FriendCollectionController.swift */,
			);
			path = Controller;
			sourceTree = "<group>";
		};
		35241A5328649A0F00FA20C5 /* View */ = {
			isa = PBXGroup;
			children = (
				35E4F8A32868C5E800A95E07 /* HeartControl.swift */,
				35241A51286499FF00FA20C5 /* FriendCollectionCell.swift */,
				35653CC52879FBBD000406AE /* FriendGalleryView.swift */,
				35653CC62879FBBD000406AE /* FriendGalleryView.xib */,
			);
			path = View;
			sourceTree = "<group>";
		};
		35241A542864B99700FA20C5 /* Controller */ = {
			isa = PBXGroup;
			children = (
				35241A322862121500FA20C5 /* OtherGroupsController.swift */,
			);
			path = Controller;
			sourceTree = "<group>";
		};
		35241A552864B99F00FA20C5 /* View */ = {
			isa = PBXGroup;
			children = (
				35241A582864BB7A00FA20C5 /* OtherGroupsCell.swift */,
			);
			path = View;
			sourceTree = "<group>";
		};
		35241A5A2864BBDA00FA20C5 /* Model */ = {
			isa = PBXGroup;
			children = (
				35241A5B2864BC0300FA20C5 /* OtherGroups.swift */,
			);
			path = Model;
			sourceTree = "<group>";
		};
		3535F85E2871EF12007DF058 /* Game */ = {
			isa = PBXGroup;
			children = (
				3535F85F2871EF29007DF058 /* Controller */,
			);
			path = Game;
			sourceTree = "<group>";
		};
		3535F85F2871EF29007DF058 /* Controller */ = {
			isa = PBXGroup;
			children = (
				35A7BE95286B667700A03FE5 /* ColorGameViewController.swift */,
			);
			path = Controller;
			sourceTree = "<group>";
		};
		3535F8602871EF69007DF058 /* Newsfeed */ = {
			isa = PBXGroup;
			children = (
				356F012828731BBF0033169A /* Model */,
				356F012528730DFD0033169A /* View */,
				356F01242871F9130033169A /* Controller */,
			);
			path = Newsfeed;
			sourceTree = "<group>";
		};
		356F01242871F9130033169A /* Controller */ = {
			isa = PBXGroup;
			children = (
				356F01222871F90E0033169A /* NewsfeedController.swift */,
			);
			path = Controller;
			sourceTree = "<group>";
		};
		356F012528730DFD0033169A /* View */ = {
			isa = PBXGroup;
			children = (
				356F012628730E920033169A /* PostCell.swift */,
				3597100228735FA500F93F9C /* CollageView.swift */,
			);
			path = View;
			sourceTree = "<group>";
		};
		356F012828731BBF0033169A /* Model */ = {
			isa = PBXGroup;
			children = (
				356F012928731BDE0033169A /* Post.swift */,
			);
			path = Model;
			sourceTree = "<group>";
		};
		3572360228858A54008EE729 /* UIHelpers */ = {
			isa = PBXGroup;
			children = (
				35F3978128858AFF00A25405 /* CustomUINavigationController.swift */,
				35F3978328858B3800A25405 /* PopPushAnimators.swift */,
			);
			path = UIHelpers;
			sourceTree = "<group>";
		};
		35EA84F5285B820A00EAA1BB = {
			isa = PBXGroup;
			children = (
				35EA8500285B820A00EAA1BB /* VKontakte */,
				35EA84FF285B820A00EAA1BB /* Products */,
			);
			sourceTree = "<group>";
		};
		35EA84FF285B820A00EAA1BB /* Products */ = {
			isa = PBXGroup;
			children = (
				35EA84FE285B820A00EAA1BB /* VKontakte.app */,
			);
			name = Products;
			sourceTree = "<group>";
		};
		35EA8500285B820A00EAA1BB /* VKontakte */ = {
			isa = PBXGroup;
			children = (
				3572360228858A54008EE729 /* UIHelpers */,
				3535F8602871EF69007DF058 /* Newsfeed */,
				3535F85E2871EF12007DF058 /* Game */,
				35EA8501285B820A00EAA1BB /* AppDelegate.swift */,
				358C7D17289D541D0078329C /* SessionSingleton.swift */,
				35EA8503285B820A00EAA1BB /* SceneDelegate.swift */,
				35241A3A2863716500FA20C5 /* Controller */,
				35241A3D286371FB00FA20C5 /* Extension */,
				35241A3E2863722900FA20C5 /* Resourse */,
				35EA850F285B820B00EAA1BB /* Info.plist */,
				35241A4528637EED00FA20C5 /* Groups */,
				35241A4C2864866B00FA20C5 /* OtherGroups */,
				35241A4828637F7C00FA20C5 /* FriendsList */,
				35241A4F2864964100FA20C5 /* Friend */,
			);
			path = VKontakte;
			sourceTree = "<group>";
		};
/* End PBXGroup section */

/* Begin PBXNativeTarget section */
		35EA84FD285B820A00EAA1BB /* VKontakte */ = {
			isa = PBXNativeTarget;
			buildConfigurationList = 35EA8512285B820B00EAA1BB /* Build configuration list for PBXNativeTarget "VKontakte" */;
			buildPhases = (
				35EA84FA285B820A00EAA1BB /* Sources */,
				35EA84FB285B820A00EAA1BB /* Frameworks */,
				35EA84FC285B820A00EAA1BB /* Resources */,
			);
			buildRules = (
			);
			dependencies = (
			);
			name = VKontakte;
			productName = VKontakte;
			productReference = 35EA84FE285B820A00EAA1BB /* VKontakte.app */;
			productType = "com.apple.product-type.application";
		};
/* End PBXNativeTarget section */

/* Begin PBXProject section */
		35EA84F6285B820A00EAA1BB /* Project object */ = {
			isa = PBXProject;
			attributes = {
				BuildIndependentTargetsInParallel = 1;
				LastSwiftUpdateCheck = 1340;
				LastUpgradeCheck = 1340;
				TargetAttributes = {
					35EA84FD285B820A00EAA1BB = {
						CreatedOnToolsVersion = 13.4.1;
					};
				};
			};
			buildConfigurationList = 35EA84F9285B820A00EAA1BB /* Build configuration list for PBXProject "VKontakte" */;
			compatibilityVersion = "Xcode 13.0";
			developmentRegion = en;
			hasScannedForEncodings = 0;
			knownRegions = (
				en,
				Base,
			);
			mainGroup = 35EA84F5285B820A00EAA1BB;
			productRefGroup = 35EA84FF285B820A00EAA1BB /* Products */;
			projectDirPath = "";
			projectRoot = "";
			targets = (
				35EA84FD285B820A00EAA1BB /* VKontakte */,
			);
		};
/* End PBXProject section */

/* Begin PBXResourcesBuildPhase section */
		35EA84FC285B820A00EAA1BB /* Resources */ = {
			isa = PBXResourcesBuildPhase;
			buildActionMask = 2147483647;
			files = (
				35EA850E285B820B00EAA1BB /* LaunchScreen.storyboard in Resources */,
				35653CC82879FBBD000406AE /* FriendGalleryView.xib in Resources */,
				35EA850B285B820B00EAA1BB /* Assets.xcassets in Resources */,
				35EA8509285B820A00EAA1BB /* Main.storyboard in Resources */,
			);
			runOnlyForDeploymentPostprocessing = 0;
		};
/* End PBXResourcesBuildPhase section */

/* Begin PBXSourcesBuildPhase section */
		35EA84FA285B820A00EAA1BB /* Sources */ = {
			isa = PBXSourcesBuildPhase;
			buildActionMask = 2147483647;
			files = (
				35241A52286499FF00FA20C5 /* FriendCollectionCell.swift in Sources */,
				35EBB258285E0F26009FEFE0 /* UIViewController+Extension.swift in Sources */,
				35241A3128620FD300FA20C5 /* GroupListController.swift in Sources */,
				35038EA02868791B0038C244 /* CustomViewFriendsList.swift in Sources */,
				35241A4E2864963300FA20C5 /* FriendCollectionController.swift in Sources */,
				35653CCA287A0581000406AE /* FullScreenViewController.swift in Sources */,
				35241A592864BB7A00FA20C5 /* OtherGroupsCell.swift in Sources */,
				35241A2F28620D7E00FA20C5 /* FriendListController.swift in Sources */,
				35F3978428858B3800A25405 /* PopPushAnimators.swift in Sources */,
				356F01232871F90E0033169A /* NewsfeedController.swift in Sources */,
				35241A4428637C7B00FA20C5 /* MyFriends.swift in Sources */,
				35EA8506285B820A00EAA1BB /* ViewController.swift in Sources */,
				35653CC72879FBBD000406AE /* FriendGalleryView.swift in Sources */,
				35241A3728621A2700FA20C5 /* GroupCell.swift in Sources */,
				35241A392863613B00FA20C5 /* GroupCollection.swift in Sources */,
				356F012A28731BDE0033169A /* Post.swift in Sources */,
				35241A5C2864BC0300FA20C5 /* OtherGroups.swift in Sources */,
				358C7D18289D541D0078329C /* SessionSingleton.swift in Sources */,
				35E4F8A42868C5E800A95E07 /* HeartControl.swift in Sources */,
				35F3978228858AFF00A25405 /* CustomUINavigationController.swift in Sources */,
				35EA8502285B820A00EAA1BB /* AppDelegate.swift in Sources */,
				35241A422863795B00FA20C5 /* MyFriendsCell.swift in Sources */,
				35241A332862121500FA20C5 /* OtherGroupsController.swift in Sources */,
				35A7BE96286B667700A03FE5 /* ColorGameViewController.swift in Sources */,
				35EA8504285B820A00EAA1BB /* SceneDelegate.swift in Sources */,
				3597100328735FA500F93F9C /* CollageView.swift in Sources */,
				356F012728730E920033169A /* PostCell.swift in Sources */,
			);
			runOnlyForDeploymentPostprocessing = 0;
		};
/* End PBXSourcesBuildPhase section */

/* Begin PBXVariantGroup section */
		35EA8507285B820A00EAA1BB /* Main.storyboard */ = {
			isa = PBXVariantGroup;
			children = (
				35EA8508285B820A00EAA1BB /* Base */,
			);
			name = Main.storyboard;
			sourceTree = "<group>";
		};
		35EA850C285B820B00EAA1BB /* LaunchScreen.storyboard */ = {
			isa = PBXVariantGroup;
			children = (
				35EA850D285B820B00EAA1BB /* Base */,
			);
			name = LaunchScreen.storyboard;
			sourceTree = "<group>";
		};
/* End PBXVariantGroup section */

/* Begin XCBuildConfiguration section */
		35EA8510285B820B00EAA1BB /* Debug */ = {
			isa = XCBuildConfiguration;
			buildSettings = {
				ALWAYS_SEARCH_USER_PATHS = NO;
				CLANG_ANALYZER_NONNULL = YES;
				CLANG_ANALYZER_NUMBER_OBJECT_CONVERSION = YES_AGGRESSIVE;
				CLANG_CXX_LANGUAGE_STANDARD = "gnu++17";
				CLANG_ENABLE_MODULES = YES;
				CLANG_ENABLE_OBJC_ARC = YES;
				CLANG_ENABLE_OBJC_WEAK = YES;
				CLANG_WARN_BLOCK_CAPTURE_AUTORELEASING = YES;
				CLANG_WARN_BOOL_CONVERSION = YES;
				CLANG_WARN_COMMA = YES;
				CLANG_WARN_CONSTANT_CONVERSION = YES;
				CLANG_WARN_DEPRECATED_OBJC_IMPLEMENTATIONS = YES;
				CLANG_WARN_DIRECT_OBJC_ISA_USAGE = YES_ERROR;
				CLANG_WARN_DOCUMENTATION_COMMENTS = YES;
				CLANG_WARN_EMPTY_BODY = YES;
				CLANG_WARN_ENUM_CONVERSION = YES;
				CLANG_WARN_INFINITE_RECURSION = YES;
				CLANG_WARN_INT_CONVERSION = YES;
				CLANG_WARN_NON_LITERAL_NULL_CONVERSION = YES;
				CLANG_WARN_OBJC_IMPLICIT_RETAIN_SELF = YES;
				CLANG_WARN_OBJC_LITERAL_CONVERSION = YES;
				CLANG_WARN_OBJC_ROOT_CLASS = YES_ERROR;
				CLANG_WARN_QUOTED_INCLUDE_IN_FRAMEWORK_HEADER = YES;
				CLANG_WARN_RANGE_LOOP_ANALYSIS = YES;
				CLANG_WARN_STRICT_PROTOTYPES = YES;
				CLANG_WARN_SUSPICIOUS_MOVE = YES;
				CLANG_WARN_UNGUARDED_AVAILABILITY = YES_AGGRESSIVE;
				CLANG_WARN_UNREACHABLE_CODE = YES;
				CLANG_WARN__DUPLICATE_METHOD_MATCH = YES;
				COPY_PHASE_STRIP = NO;
				DEBUG_INFORMATION_FORMAT = dwarf;
				ENABLE_STRICT_OBJC_MSGSEND = YES;
				ENABLE_TESTABILITY = YES;
				GCC_C_LANGUAGE_STANDARD = gnu11;
				GCC_DYNAMIC_NO_PIC = NO;
				GCC_NO_COMMON_BLOCKS = YES;
				GCC_OPTIMIZATION_LEVEL = 0;
				GCC_PREPROCESSOR_DEFINITIONS = (
					"DEBUG=1",
					"$(inherited)",
				);
				GCC_WARN_64_TO_32_BIT_CONVERSION = YES;
				GCC_WARN_ABOUT_RETURN_TYPE = YES_ERROR;
				GCC_WARN_UNDECLARED_SELECTOR = YES;
				GCC_WARN_UNINITIALIZED_AUTOS = YES_AGGRESSIVE;
				GCC_WARN_UNUSED_FUNCTION = YES;
				GCC_WARN_UNUSED_VARIABLE = YES;
				IPHONEOS_DEPLOYMENT_TARGET = 15.5;
				MTL_ENABLE_DEBUG_INFO = INCLUDE_SOURCE;
				MTL_FAST_MATH = YES;
				ONLY_ACTIVE_ARCH = YES;
				SDKROOT = iphoneos;
				SWIFT_ACTIVE_COMPILATION_CONDITIONS = DEBUG;
				SWIFT_OPTIMIZATION_LEVEL = "-Onone";
			};
			name = Debug;
		};
		35EA8511285B820B00EAA1BB /* Release */ = {
			isa = XCBuildConfiguration;
			buildSettings = {
				ALWAYS_SEARCH_USER_PATHS = NO;
				CLANG_ANALYZER_NONNULL = YES;
				CLANG_ANALYZER_NUMBER_OBJECT_CONVERSION = YES_AGGRESSIVE;
				CLANG_CXX_LANGUAGE_STANDARD = "gnu++17";
				CLANG_ENABLE_MODULES = YES;
				CLANG_ENABLE_OBJC_ARC = YES;
				CLANG_ENABLE_OBJC_WEAK = YES;
				CLANG_WARN_BLOCK_CAPTURE_AUTORELEASING = YES;
				CLANG_WARN_BOOL_CONVERSION = YES;
				CLANG_WARN_COMMA = YES;
				CLANG_WARN_CONSTANT_CONVERSION = YES;
				CLANG_WARN_DEPRECATED_OBJC_IMPLEMENTATIONS = YES;
				CLANG_WARN_DIRECT_OBJC_ISA_USAGE = YES_ERROR;
				CLANG_WARN_DOCUMENTATION_COMMENTS = YES;
				CLANG_WARN_EMPTY_BODY = YES;
				CLANG_WARN_ENUM_CONVERSION = YES;
				CLANG_WARN_INFINITE_RECURSION = YES;
				CLANG_WARN_INT_CONVERSION = YES;
				CLANG_WARN_NON_LITERAL_NULL_CONVERSION = YES;
				CLANG_WARN_OBJC_IMPLICIT_RETAIN_SELF = YES;
				CLANG_WARN_OBJC_LITERAL_CONVERSION = YES;
				CLANG_WARN_OBJC_ROOT_CLASS = YES_ERROR;
				CLANG_WARN_QUOTED_INCLUDE_IN_FRAMEWORK_HEADER = YES;
				CLANG_WARN_RANGE_LOOP_ANALYSIS = YES;
				CLANG_WARN_STRICT_PROTOTYPES = YES;
				CLANG_WARN_SUSPICIOUS_MOVE = YES;
				CLANG_WARN_UNGUARDED_AVAILABILITY = YES_AGGRESSIVE;
				CLANG_WARN_UNREACHABLE_CODE = YES;
				CLANG_WARN__DUPLICATE_METHOD_MATCH = YES;
				COPY_PHASE_STRIP = NO;
				DEBUG_INFORMATION_FORMAT = "dwarf-with-dsym";
				ENABLE_NS_ASSERTIONS = NO;
				ENABLE_STRICT_OBJC_MSGSEND = YES;
				GCC_C_LANGUAGE_STANDARD = gnu11;
				GCC_NO_COMMON_BLOCKS = YES;
				GCC_WARN_64_TO_32_BIT_CONVERSION = YES;
				GCC_WARN_ABOUT_RETURN_TYPE = YES_ERROR;
				GCC_WARN_UNDECLARED_SELECTOR = YES;
				GCC_WARN_UNINITIALIZED_AUTOS = YES_AGGRESSIVE;
				GCC_WARN_UNUSED_FUNCTION = YES;
				GCC_WARN_UNUSED_VARIABLE = YES;
				IPHONEOS_DEPLOYMENT_TARGET = 15.5;
				MTL_ENABLE_DEBUG_INFO = NO;
				MTL_FAST_MATH = YES;
				SDKROOT = iphoneos;
				SWIFT_COMPILATION_MODE = wholemodule;
				SWIFT_OPTIMIZATION_LEVEL = "-O";
				VALIDATE_PRODUCT = YES;
			};
			name = Release;
		};
		35EA8513285B820B00EAA1BB /* Debug */ = {
			isa = XCBuildConfiguration;
			buildSettings = {
				ASSETCATALOG_COMPILER_APPICON_NAME = AppIcon;
				ASSETCATALOG_COMPILER_GLOBAL_ACCENT_COLOR_NAME = AccentColor;
				CODE_SIGN_STYLE = Automatic;
				CURRENT_PROJECT_VERSION = 1;
				DEVELOPMENT_TEAM = CM68ARA6G3;
				GENERATE_INFOPLIST_FILE = YES;
				INFOPLIST_FILE = VKontakte/Info.plist;
				INFOPLIST_KEY_UIApplicationSupportsIndirectInputEvents = YES;
				INFOPLIST_KEY_UILaunchStoryboardName = LaunchScreen;
				INFOPLIST_KEY_UIMainStoryboardFile = Main;
				INFOPLIST_KEY_UISupportedInterfaceOrientations_iPad = "UIInterfaceOrientationPortrait UIInterfaceOrientationPortraitUpsideDown UIInterfaceOrientationLandscapeLeft UIInterfaceOrientationLandscapeRight";
				INFOPLIST_KEY_UISupportedInterfaceOrientations_iPhone = "UIInterfaceOrientationPortrait UIInterfaceOrientationLandscapeLeft UIInterfaceOrientationLandscapeRight";
				LD_RUNPATH_SEARCH_PATHS = (
					"$(inherited)",
					"@executable_path/Frameworks",
				);
				MARKETING_VERSION = 1.0;
				PRODUCT_BUNDLE_IDENTIFIER = "Valentina-Divina.VKontakte";
				PRODUCT_NAME = "$(TARGET_NAME)";
				SWIFT_EMIT_LOC_STRINGS = YES;
				SWIFT_VERSION = 5.0;
				TARGETED_DEVICE_FAMILY = "1,2";
			};
			name = Debug;
		};
		35EA8514285B820B00EAA1BB /* Release */ = {
			isa = XCBuildConfiguration;
			buildSettings = {
				ASSETCATALOG_COMPILER_APPICON_NAME = AppIcon;
				ASSETCATALOG_COMPILER_GLOBAL_ACCENT_COLOR_NAME = AccentColor;
				CODE_SIGN_STYLE = Automatic;
				CURRENT_PROJECT_VERSION = 1;
				DEVELOPMENT_TEAM = CM68ARA6G3;
				GENERATE_INFOPLIST_FILE = YES;
				INFOPLIST_FILE = VKontakte/Info.plist;
				INFOPLIST_KEY_UIApplicationSupportsIndirectInputEvents = YES;
				INFOPLIST_KEY_UILaunchStoryboardName = LaunchScreen;
				INFOPLIST_KEY_UIMainStoryboardFile = Main;
				INFOPLIST_KEY_UISupportedInterfaceOrientations_iPad = "UIInterfaceOrientationPortrait UIInterfaceOrientationPortraitUpsideDown UIInterfaceOrientationLandscapeLeft UIInterfaceOrientationLandscapeRight";
				INFOPLIST_KEY_UISupportedInterfaceOrientations_iPhone = "UIInterfaceOrientationPortrait UIInterfaceOrientationLandscapeLeft UIInterfaceOrientationLandscapeRight";
				LD_RUNPATH_SEARCH_PATHS = (
					"$(inherited)",
					"@executable_path/Frameworks",
				);
				MARKETING_VERSION = 1.0;
				PRODUCT_BUNDLE_IDENTIFIER = "Valentina-Divina.VKontakte";
				PRODUCT_NAME = "$(TARGET_NAME)";
				SWIFT_EMIT_LOC_STRINGS = YES;
				SWIFT_VERSION = 5.0;
				TARGETED_DEVICE_FAMILY = "1,2";
			};
			name = Release;
		};
/* End XCBuildConfiguration section */

/* Begin XCConfigurationList section */
		35EA84F9285B820A00EAA1BB /* Build configuration list for PBXProject "VKontakte" */ = {
			isa = XCConfigurationList;
			buildConfigurations = (
				35EA8510285B820B00EAA1BB /* Debug */,
				35EA8511285B820B00EAA1BB /* Release */,
			);
			defaultConfigurationIsVisible = 0;
			defaultConfigurationName = Release;
		};
		35EA8512285B820B00EAA1BB /* Build configuration list for PBXNativeTarget "VKontakte" */ = {
			isa = XCConfigurationList;
			buildConfigurations = (
				35EA8513285B820B00EAA1BB /* Debug */,
				35EA8514285B820B00EAA1BB /* Release */,
			);
			defaultConfigurationIsVisible = 0;
			defaultConfigurationName = Release;
		};
/* End XCConfigurationList section */
	};
	rootObject = 35EA84F6285B820A00EAA1BB /* Project object */;
}
