PODS:
  - Alamofire (5.6.2)
  - ScalingCarousel (3.2.0)

DEPENDENCIES:
  - Alamofire
  - ScalingCarousel

SPEC REPOS:
  trunk:
    - Alamofire
    - ScalingCarousel

SPEC CHECKSUMS:
  Alamofire: d368e1ff8a298e6dde360e35a3e68e6c610e7204
  ScalingCarousel: d40f0ce438af5cfb2225e2f723f7161597961128

PODFILE CHECKSUM: 056ee6f5ca71e9a95a63801b26299cca05b8c1a6

COCOAPODS: 1.11.3
